
Microsoft Visual Studio Solution File, Format Version 12.00
# Visual Studio Version 16
VisualStudioVersion = 16.0.31005.135
MinimumVisualStudioVersion = 10.0.40219.1
Project("{9A19103F-16F7-4668-BE54-9A1E7A4F7556}") = "MovieRating.Core", "MovieRating.Core\MovieRating.Core.csproj", "{C9FB9940-090E-49EA-A6F8-A3066681105D}"
	ProjectSection(ProjectDependencies) = postProject
		{2ECAC788-149C-48BE-811E-26649B28B574} = {2ECAC788-149C-48BE-811E-26649B28B574}
	EndProjectSection
EndProject
Project("{9A19103F-16F7-4668-BE54-9A1E7A4F7556}") = "MovieRating.API", "MovieRating.API\MovieRating.API.csproj", "{FE143C8B-34F9-463D-B3FA-C71E776F3D7A}"
	ProjectSection(ProjectDependencies) = postProject
		{C9FB9940-090E-49EA-A6F8-A3066681105D} = {C9FB9940-090E-49EA-A6F8-A3066681105D}
	EndProjectSection
EndProject
Project("{9A19103F-16F7-4668-BE54-9A1E7A4F7556}") = "MovieRating.Data", "MovieRating.Data\MovieRating.Data.csproj", "{2ECAC788-149C-48BE-811E-26649B28B574}"
EndProject
Project("{9A19103F-16F7-4668-BE54-9A1E7A4F7556}") = "MovieRating.Web", "MovieRating.Web\MovieRating.Web.csproj", "{E0869072-D9CE-47F0-870B-D69EA2AE7431}"
EndProject
Global
	GlobalSection(SolutionConfigurationPlatforms) = preSolution
		Debug|Any CPU = Debug|Any CPU
		Release|Any CPU = Release|Any CPU
	EndGlobalSection
	GlobalSection(ProjectConfigurationPlatforms) = postSolution
		{C9FB9940-090E-49EA-A6F8-A3066681105D}.Debug|Any CPU.ActiveCfg = Debug|Any CPU
		{C9FB9940-090E-49EA-A6F8-A3066681105D}.Debug|Any CPU.Build.0 = Debug|Any CPU
		{C9FB9940-090E-49EA-A6F8-A3066681105D}.Release|Any CPU.ActiveCfg = Release|Any CPU
		{C9FB9940-090E-49EA-A6F8-A3066681105D}.Release|Any CPU.Build.0 = Release|Any CPU
		{FE143C8B-34F9-463D-B3FA-C71E776F3D7A}.Debug|Any CPU.ActiveCfg = Debug|Any CPU
		{FE143C8B-34F9-463D-B3FA-C71E776F3D7A}.Debug|Any CPU.Build.0 = Debug|Any CPU
		{FE143C8B-34F9-463D-B3FA-C71E776F3D7A}.Release|Any CPU.ActiveCfg = Release|Any CPU
		{FE143C8B-34F9-463D-B3FA-C71E776F3D7A}.Release|Any CPU.Build.0 = Release|Any CPU
		{2ECAC788-149C-48BE-811E-26649B28B574}.Debug|Any CPU.ActiveCfg = Debug|Any CPU
		{2ECAC788-149C-48BE-811E-26649B28B574}.Debug|Any CPU.Build.0 = Debug|Any CPU
		{2ECAC788-149C-48BE-811E-26649B28B574}.Release|Any CPU.ActiveCfg = Release|Any CPU
		{2ECAC788-149C-48BE-811E-26649B28B574}.Release|Any CPU.Build.0 = Release|Any CPU
		{E0869072-D9CE-47F0-870B-D69EA2AE7431}.Debug|Any CPU.ActiveCfg = Debug|Any CPU
		{E0869072-D9CE-47F0-870B-D69EA2AE7431}.Debug|Any CPU.Build.0 = Debug|Any CPU
		{E0869072-D9CE-47F0-870B-D69EA2AE7431}.Release|Any CPU.ActiveCfg = Release|Any CPU
		{E0869072-D9CE-47F0-870B-D69EA2AE7431}.Release|Any CPU.Build.0 = Release|Any CPU
	EndGlobalSection
	GlobalSection(SolutionProperties) = preSolution
		HideSolutionNode = FALSE
	EndGlobalSection
	GlobalSection(ExtensibilityGlobals) = postSolution
		SolutionGuid = {4E283373-A6D5-4C76-98F6-E9AD4AE26F54}
	EndGlobalSection
EndGlobal
